// !$*UTF8*$!
{
	archiveVersion = 1;
	classes = {
	};
	objectVersion = 56;
	objects = {

/* Begin PBXBuildFile section */
		042BFD7E2A9111B50079CE65 /* main.swift in Sources */ = {isa = PBXBuildFile; fileRef = 042BFD7D2A9111B50079CE65 /* main.swift */; };
		042BFD852A9117A60079CE65 /* part1-me.swift in Sources */ = {isa = PBXBuildFile; fileRef = 042BFD842A9117A60079CE65 /* part1-me.swift */; };
		042BFD872A91192D0079CE65 /* part-1.swift in Sources */ = {isa = PBXBuildFile; fileRef = 042BFD862A91192D0079CE65 /* part-1.swift */; };
		047E97122A914298009B09A3 /* part2.swift in Sources */ = {isa = PBXBuildFile; fileRef = 047E97112A914298009B09A3 /* part2.swift */; };
		04C3F3862A924BBE0084EFC5 /* VirtualBankSystem.swift in Sources */ = {isa = PBXBuildFile; fileRef = 04C3F3852A924BBE0084EFC5 /* VirtualBankSystem.swift */; };
		04C3F3882A924BD90084EFC5 /* BankAccount.swift in Sources */ = {isa = PBXBuildFile; fileRef = 04C3F3872A924BD90084EFC5 /* BankAccount.swift */; };
/* End PBXBuildFile section */

/* Begin PBXCopyFilesBuildPhase section */
		042BFD782A9111B50079CE65 /* CopyFiles */ = {
			isa = PBXCopyFilesBuildPhase;
			buildActionMask = 2147483647;
			dstPath = /usr/share/man/man1/;
			dstSubfolderSpec = 0;
			files = (
			);
			runOnlyForDeploymentPostprocessing = 1;
		};
/* End PBXCopyFilesBuildPhase section */

/* Begin PBXFileReference section */
		042BFD7A2A9111B50079CE65 /* VirtualBankSystem */ = {isa = PBXFileReference; explicitFileType = "compiled.mach-o.executable"; includeInIndex = 0; path = VirtualBankSystem; sourceTree = BUILT_PRODUCTS_DIR; };
		042BFD7D2A9111B50079CE65 /* main.swift */ = {isa = PBXFileReference; lastKnownFileType = sourcecode.swift; path = main.swift; sourceTree = "<group>"; };
		042BFD842A9117A60079CE65 /* part1-me.swift */ = {isa = PBXFileReference; lastKnownFileType = sourcecode.swift; path = "part1-me.swift"; sourceTree = "<group>"; };
		042BFD862A91192D0079CE65 /* part-1.swift */ = {isa = PBXFileReference; lastKnownFileType = sourcecode.swift; path = "part-1.swift"; sourceTree = "<group>"; };
		047E97112A914298009B09A3 /* part2.swift */ = {isa = PBXFileReference; lastKnownFileType = sourcecode.swift; path = part2.swift; sourceTree = "<group>"; };
		04C3F3852A924BBE0084EFC5 /* VirtualBankSystem.swift */ = {isa = PBXFileReference; lastKnownFileType = sourcecode.swift; path = VirtualBankSystem.swift; sourceTree = "<group>"; };
		04C3F3872A924BD90084EFC5 /* BankAccount.swift */ = {isa = PBXFileReference; lastKnownFileType = sourcecode.swift; path = BankAccount.swift; sourceTree = "<group>"; };
/* End PBXFileReference section */

/* Begin PBXFrameworksBuildPhase section */
		042BFD772A9111B50079CE65 /* Frameworks */ = {
			isa = PBXFrameworksBuildPhase;
			buildActionMask = 2147483647;
			files = (
			);
			runOnlyForDeploymentPostprocessing = 0;
		};
/* End PBXFrameworksBuildPhase section */

/* Begin PBXGroup section */
		042BFD712A9111B50079CE65 = {
			isa = PBXGroup;
			children = (
				042BFD7C2A9111B50079CE65 /* VirtualBankSystem */,
				042BFD7B2A9111B50079CE65 /* Products */,
			);
			sourceTree = "<group>";
		};
		042BFD7B2A9111B50079CE65 /* Products */ = {
			isa = PBXGroup;
			children = (
				042BFD7A2A9111B50079CE65 /* VirtualBankSystem */,
			);
			name = Products;
			sourceTree = "<group>";
		};
		042BFD7C2A9111B50079CE65 /* VirtualBankSystem */ = {
			isa = PBXGroup;
			children = (
				04C3F3842A924B9B0084EFC5 /* parts */,
				042BFD7D2A9111B50079CE65 /* main.swift */,
				04C3F3852A924BBE0084EFC5 /* VirtualBankSystem.swift */,
				04C3F3872A924BD90084EFC5 /* BankAccount.swift */,
			);
			path = VirtualBankSystem;
			sourceTree = "<group>";
		};
		04C3F3842A924B9B0084EFC5 /* parts */ = {
			isa = PBXGroup;
			children = (
				042BFD842A9117A60079CE65 /* part1-me.swift */,
				042BFD862A91192D0079CE65 /* part-1.swift */,
				047E97112A914298009B09A3 /* part2.swift */,
			);
			path = parts;
			sourceTree = "<group>";
		};
/* End PBXGroup section */

/* Begin PBXNativeTarget section */
		042BFD792A9111B50079CE65 /* VirtualBankSystem */ = {
			isa = PBXNativeTarget;
			buildConfigurationList = 042BFD812A9111B50079CE65 /* Build configuration list for PBXNativeTarget "VirtualBankSystem" */;
			buildPhases = (
				042BFD762A9111B50079CE65 /* Sources */,
				042BFD772A9111B50079CE65 /* Frameworks */,
				042BFD782A9111B50079CE65 /* CopyFiles */,
			);
			buildRules = (
			);
			dependencies = (
			);
			name = VirtualBankSystem;
			productName = VirtualBankSystem;
			productReference = 042BFD7A2A9111B50079CE65 /* VirtualBankSystem */;
			productType = "com.apple.product-type.tool";
		};
/* End PBXNativeTarget section */

/* Begin PBXProject section */
		042BFD722A9111B50079CE65 /* Project object */ = {
			isa = PBXProject;
			attributes = {
				BuildIndependentTargetsInParallel = 1;
				LastSwiftUpdateCheck = 1430;
				LastUpgradeCheck = 1430;
				TargetAttributes = {
					042BFD792A9111B50079CE65 = {
						CreatedOnToolsVersion = 14.3.1;
					};
				};
			};
			buildConfigurationList = 042BFD752A9111B50079CE65 /* Build configuration list for PBXProject "VirtualBankSystem" */;
			compatibilityVersion = "Xcode 14.0";
			developmentRegion = en;
			hasScannedForEncodings = 0;
			knownRegions = (
				en,
				Base,
			);
			mainGroup = 042BFD712A9111B50079CE65;
			productRefGroup = 042BFD7B2A9111B50079CE65 /* Products */;
			projectDirPath = "";
			projectRoot = "";
			targets = (
				042BFD792A9111B50079CE65 /* VirtualBankSystem */,
			);
		};
/* End PBXProject section */

/* Begin PBXSourcesBuildPhase section */
		042BFD762A9111B50079CE65 /* Sources */ = {
			isa = PBXSourcesBuildPhase;
			buildActionMask = 2147483647;
			files = (
				042BFD852A9117A60079CE65 /* part1-me.swift in Sources */,
				04C3F3882A924BD90084EFC5 /* BankAccount.swift in Sources */,
				042BFD872A91192D0079CE65 /* part-1.swift in Sources */,
				042BFD7E2A9111B50079CE65 /* main.swift in Sources */,
				047E97122A914298009B09A3 /* part2.swift in Sources */,
				04C3F3862A924BBE0084EFC5 /* VirtualBankSystem.swift in Sources */,
			);
			runOnlyForDeploymentPostprocessing = 0;
		};
/* End PBXSourcesBuildPhase section */

/* Begin XCBuildConfiguration section */
		042BFD7F2A9111B50079CE65 /* Debug */ = {
			isa = XCBuildConfiguration;
			buildSettings = {
				ALWAYS_SEARCH_USER_PATHS = NO;
				CLANG_ANALYZER_NONNULL = YES;
				CLANG_ANALYZER_NUMBER_OBJECT_CONVERSION = YES_AGGRESSIVE;
				CLANG_CXX_LANGUAGE_STANDARD = "gnu++20";
				CLANG_ENABLE_MODULES = YES;
				CLANG_ENABLE_OBJC_ARC = YES;
				CLANG_ENABLE_OBJC_WEAK = YES;
				CLANG_WARN_BLOCK_CAPTURE_AUTORELEASING = YES;
				CLANG_WARN_BOOL_CONVERSION = YES;
				CLANG_WARN_COMMA = YES;
				CLANG_WARN_CONSTANT_CONVERSION = YES;
				CLANG_WARN_DEPRECATED_OBJC_IMPLEMENTATIONS = YES;
				CLANG_WARN_DIRECT_OBJC_ISA_USAGE = YES_ERROR;
				CLANG_WARN_DOCUMENTATION_COMMENTS = YES;
				CLANG_WARN_EMPTY_BODY = YES;
				CLANG_WARN_ENUM_CONVERSION = YES;
				CLANG_WARN_INFINITE_RECURSION = YES;
				CLANG_WARN_INT_CONVERSION = YES;
				CLANG_WARN_NON_LITERAL_NULL_CONVERSION = YES;
				CLANG_WARN_OBJC_IMPLICIT_RETAIN_SELF = YES;
				CLANG_WARN_OBJC_LITERAL_CONVERSION = YES;
				CLANG_WARN_OBJC_ROOT_CLASS = YES_ERROR;
				CLANG_WARN_QUOTED_INCLUDE_IN_FRAMEWORK_HEADER = YES;
				CLANG_WARN_RANGE_LOOP_ANALYSIS = YES;
				CLANG_WARN_STRICT_PROTOTYPES = YES;
				CLANG_WARN_SUSPICIOUS_MOVE = YES;
				CLANG_WARN_UNGUARDED_AVAILABILITY = YES_AGGRESSIVE;
				CLANG_WARN_UNREACHABLE_CODE = YES;
				CLANG_WARN__DUPLICATE_METHOD_MATCH = YES;
				COPY_PHASE_STRIP = NO;
				DEBUG_INFORMATION_FORMAT = dwarf;
				ENABLE_STRICT_OBJC_MSGSEND = YES;
				ENABLE_TESTABILITY = YES;
				GCC_C_LANGUAGE_STANDARD = gnu11;
				GCC_DYNAMIC_NO_PIC = NO;
				GCC_NO_COMMON_BLOCKS = YES;
				GCC_OPTIMIZATION_LEVEL = 0;
				GCC_PREPROCESSOR_DEFINITIONS = (
					"DEBUG=1",
					"$(inherited)",
				);
				GCC_WARN_64_TO_32_BIT_CONVERSION = YES;
				GCC_WARN_ABOUT_RETURN_TYPE = YES_ERROR;
				GCC_WARN_UNDECLARED_SELECTOR = YES;
				GCC_WARN_UNINITIALIZED_AUTOS = YES_AGGRESSIVE;
				GCC_WARN_UNUSED_FUNCTION = YES;
				GCC_WARN_UNUSED_VARIABLE = YES;
				MACOSX_DEPLOYMENT_TARGET = 13.3;
				MTL_ENABLE_DEBUG_INFO = INCLUDE_SOURCE;
				MTL_FAST_MATH = YES;
				ONLY_ACTIVE_ARCH = YES;
				SDKROOT = macosx;
				SWIFT_ACTIVE_COMPILATION_CONDITIONS = DEBUG;
				SWIFT_OPTIMIZATION_LEVEL = "-Onone";
			};
			name = Debug;
		};
		042BFD802A9111B50079CE65 /* Release */ = {
			isa = XCBuildConfiguration;
			buildSettings = {
				ALWAYS_SEARCH_USER_PATHS = NO;
				CLANG_ANALYZER_NONNULL = YES;
				CLANG_ANALYZER_NUMBER_OBJECT_CONVERSION = YES_AGGRESSIVE;
				CLANG_CXX_LANGUAGE_STANDARD = "gnu++20";
				CLANG_ENABLE_MODULES = YES;
				CLANG_ENABLE_OBJC_ARC = YES;
				CLANG_ENABLE_OBJC_WEAK = YES;
				CLANG_WARN_BLOCK_CAPTURE_AUTORELEASING = YES;
				CLANG_WARN_BOOL_CONVERSION = YES;
				CLANG_WARN_COMMA = YES;
				CLANG_WARN_CONSTANT_CONVERSION = YES;
				CLANG_WARN_DEPRECATED_OBJC_IMPLEMENTATIONS = YES;
				CLANG_WARN_DIRECT_OBJC_ISA_USAGE = YES_ERROR;
				CLANG_WARN_DOCUMENTATION_COMMENTS = YES;
				CLANG_WARN_EMPTY_BODY = YES;
				CLANG_WARN_ENUM_CONVERSION = YES;
				CLANG_WARN_INFINITE_RECURSION = YES;
				CLANG_WARN_INT_CONVERSION = YES;
				CLANG_WARN_NON_LITERAL_NULL_CONVERSION = YES;
				CLANG_WARN_OBJC_IMPLICIT_RETAIN_SELF = YES;
				CLANG_WARN_OBJC_LITERAL_CONVERSION = YES;
				CLANG_WARN_OBJC_ROOT_CLASS = YES_ERROR;
				CLANG_WARN_QUOTED_INCLUDE_IN_FRAMEWORK_HEADER = YES;
				CLANG_WARN_RANGE_LOOP_ANALYSIS = YES;
				CLANG_WARN_STRICT_PROTOTYPES = YES;
				CLANG_WARN_SUSPICIOUS_MOVE = YES;
				CLANG_WARN_UNGUARDED_AVAILABILITY = YES_AGGRESSIVE;
				CLANG_WARN_UNREACHABLE_CODE = YES;
				CLANG_WARN__DUPLICATE_METHOD_MATCH = YES;
				COPY_PHASE_STRIP = NO;
				DEBUG_INFORMATION_FORMAT = "dwarf-with-dsym";
				ENABLE_NS_ASSERTIONS = NO;
				ENABLE_STRICT_OBJC_MSGSEND = YES;
				GCC_C_LANGUAGE_STANDARD = gnu11;
				GCC_NO_COMMON_BLOCKS = YES;
				GCC_WARN_64_TO_32_BIT_CONVERSION = YES;
				GCC_WARN_ABOUT_RETURN_TYPE = YES_ERROR;
				GCC_WARN_UNDECLARED_SELECTOR = YES;
				GCC_WARN_UNINITIALIZED_AUTOS = YES_AGGRESSIVE;
				GCC_WARN_UNUSED_FUNCTION = YES;
				GCC_WARN_UNUSED_VARIABLE = YES;
				MACOSX_DEPLOYMENT_TARGET = 13.3;
				MTL_ENABLE_DEBUG_INFO = NO;
				MTL_FAST_MATH = YES;
				SDKROOT = macosx;
				SWIFT_COMPILATION_MODE = wholemodule;
				SWIFT_OPTIMIZATION_LEVEL = "-O";
			};
			name = Release;
		};
		042BFD822A9111B50079CE65 /* Debug */ = {
			isa = XCBuildConfiguration;
			buildSettings = {
				CODE_SIGN_STYLE = Automatic;
				DEVELOPMENT_TEAM = 2Z7656824H;
				ENABLE_HARDENED_RUNTIME = YES;
				PRODUCT_NAME = "$(TARGET_NAME)";
				SWIFT_VERSION = 5.0;
			};
			name = Debug;
		};
		042BFD832A9111B50079CE65 /* Release */ = {
			isa = XCBuildConfiguration;
			buildSettings = {
				CODE_SIGN_STYLE = Automatic;
				DEVELOPMENT_TEAM = 2Z7656824H;
				ENABLE_HARDENED_RUNTIME = YES;
				PRODUCT_NAME = "$(TARGET_NAME)";
				SWIFT_VERSION = 5.0;
			};
			name = Release;
		};
/* End XCBuildConfiguration section */

/* Begin XCConfigurationList section */
		042BFD752A9111B50079CE65 /* Build configuration list for PBXProject "VirtualBankSystem" */ = {
			isa = XCConfigurationList;
			buildConfigurations = (
				042BFD7F2A9111B50079CE65 /* Debug */,
				042BFD802A9111B50079CE65 /* Release */,
			);
			defaultConfigurationIsVisible = 0;
			defaultConfigurationName = Release;
		};
		042BFD812A9111B50079CE65 /* Build configuration list for PBXNativeTarget "VirtualBankSystem" */ = {
			isa = XCConfigurationList;
			buildConfigurations = (
				042BFD822A9111B50079CE65 /* Debug */,
				042BFD832A9111B50079CE65 /* Release */,
			);
			defaultConfigurationIsVisible = 0;
			defaultConfigurationName = Release;
		};
/* End XCConfigurationList section */
	};
	rootObject = 042BFD722A9111B50079CE65 /* Project object */;
}
